// !$*UTF8*$!
{
	archiveVersion = 1;
	classes = {
	};
	objectVersion = 46;
	objects = {

/* Begin PBXBuildFile section */
		4FD346A41DB1E259000927DB /* AppDelegate.swift in Sources */ = {isa = PBXBuildFile; fileRef = 4FD346A31DB1E259000927DB /* AppDelegate.swift */; };
		4FD346A61DB1E259000927DB /* ViewController.swift in Sources */ = {isa = PBXBuildFile; fileRef = 4FD346A51DB1E259000927DB /* ViewController.swift */; };
		4FD346A91DB1E259000927DB /* Main.storyboard in Resources */ = {isa = PBXBuildFile; fileRef = 4FD346A71DB1E259000927DB /* Main.storyboard */; };
		4FD346AB1DB1E259000927DB /* Assets.xcassets in Resources */ = {isa = PBXBuildFile; fileRef = 4FD346AA1DB1E259000927DB /* Assets.xcassets */; };
		4FD346AE1DB1E259000927DB /* LaunchScreen.storyboard in Resources */ = {isa = PBXBuildFile; fileRef = 4FD346AC1DB1E259000927DB /* LaunchScreen.storyboard */; };
		4FD346B91DB1E259000927DB /* study04_1Tests.swift in Sources */ = {isa = PBXBuildFile; fileRef = 4FD346B81DB1E259000927DB /* study04_1Tests.swift */; };
		4FD346C41DB1E259000927DB /* study04_1UITests.swift in Sources */ = {isa = PBXBuildFile; fileRef = 4FD346C31DB1E259000927DB /* study04_1UITests.swift */; };
/* End PBXBuildFile section */

/* Begin PBXContainerItemProxy section */
		4FD346B51DB1E259000927DB /* PBXContainerItemProxy */ = {
			isa = PBXContainerItemProxy;
			containerPortal = 4FD346981DB1E258000927DB /* Project object */;
			proxyType = 1;
			remoteGlobalIDString = 4FD3469F1DB1E258000927DB;
			remoteInfo = study04_1;
		};
		4FD346C01DB1E259000927DB /* PBXContainerItemProxy */ = {
			isa = PBXContainerItemProxy;
			containerPortal = 4FD346981DB1E258000927DB /* Project object */;
			proxyType = 1;
			remoteGlobalIDString = 4FD3469F1DB1E258000927DB;
			remoteInfo = study04_1;
		};
/* End PBXContainerItemProxy section */

/* Begin PBXFileReference section */
		4FD346A01DB1E259000927DB /* study04_1.app */ = {isa = PBXFileReference; explicitFileType = wrapper.application; includeInIndex = 0; path = study04_1.app; sourceTree = BUILT_PRODUCTS_DIR; };
		4FD346A31DB1E259000927DB /* AppDelegate.swift */ = {isa = PBXFileReference; lastKnownFileType = sourcecode.swift; path = AppDelegate.swift; sourceTree = "<group>"; };
		4FD346A51DB1E259000927DB /* ViewController.swift */ = {isa = PBXFileReference; lastKnownFileType = sourcecode.swift; path = ViewController.swift; sourceTree = "<group>"; };
		4FD346A81DB1E259000927DB /* Base */ = {isa = PBXFileReference; lastKnownFileType = file.storyboard; name = Base; path = Base.lproj/Main.storyboard; sourceTree = "<group>"; };
		4FD346AA1DB1E259000927DB /* Assets.xcassets */ = {isa = PBXFileReference; lastKnownFileType = folder.assetcatalog; path = Assets.xcassets; sourceTree = "<group>"; };
		4FD346AD1DB1E259000927DB /* Base */ = {isa = PBXFileReference; lastKnownFileType = file.storyboard; name = Base; path = Base.lproj/LaunchScreen.storyboard; sourceTree = "<group>"; };
		4FD346AF1DB1E259000927DB /* Info.plist */ = {isa = PBXFileReference; lastKnownFileType = text.plist.xml; path = Info.plist; sourceTree = "<group>"; };
		4FD346B41DB1E259000927DB /* study04_1Tests.xctest */ = {isa = PBXFileReference; explicitFileType = wrapper.cfbundle; includeInIndex = 0; path = study04_1Tests.xctest; sourceTree = BUILT_PRODUCTS_DIR; };
		4FD346B81DB1E259000927DB /* study04_1Tests.swift */ = {isa = PBXFileReference; lastKnownFileType = sourcecode.swift; path = study04_1Tests.swift; sourceTree = "<group>"; };
		4FD346BA1DB1E259000927DB /* Info.plist */ = {isa = PBXFileReference; lastKnownFileType = text.plist.xml; path = Info.plist; sourceTree = "<group>"; };
		4FD346BF1DB1E259000927DB /* study04_1UITests.xctest */ = {isa = PBXFileReference; explicitFileType = wrapper.cfbundle; includeInIndex = 0; path = study04_1UITests.xctest; sourceTree = BUILT_PRODUCTS_DIR; };
		4FD346C31DB1E259000927DB /* study04_1UITests.swift */ = {isa = PBXFileReference; lastKnownFileType = sourcecode.swift; path = study04_1UITests.swift; sourceTree = "<group>"; };
		4FD346C51DB1E259000927DB /* Info.plist */ = {isa = PBXFileReference; lastKnownFileType = text.plist.xml; path = Info.plist; sourceTree = "<group>"; };
/* End PBXFileReference section */

/* Begin PBXFrameworksBuildPhase section */
		4FD3469D1DB1E258000927DB /* Frameworks */ = {
			isa = PBXFrameworksBuildPhase;
			buildActionMask = 2147483647;
			files = (
			);
			runOnlyForDeploymentPostprocessing = 0;
		};
		4FD346B11DB1E259000927DB /* Frameworks */ = {
			isa = PBXFrameworksBuildPhase;
			buildActionMask = 2147483647;
			files = (
			);
			runOnlyForDeploymentPostprocessing = 0;
		};
		4FD346BC1DB1E259000927DB /* Frameworks */ = {
			isa = PBXFrameworksBuildPhase;
			buildActionMask = 2147483647;
			files = (
			);
			runOnlyForDeploymentPostprocessing = 0;
		};
/* End PBXFrameworksBuildPhase section */

/* Begin PBXGroup section */
		4FD346971DB1E258000927DB = {
			isa = PBXGroup;
			children = (
				4FD346A21DB1E259000927DB /* study04_1 */,
				4FD346B71DB1E259000927DB /* study04_1Tests */,
				4FD346C21DB1E259000927DB /* study04_1UITests */,
				4FD346A11DB1E259000927DB /* Products */,
			);
			sourceTree = "<group>";
		};
		4FD346A11DB1E259000927DB /* Products */ = {
			isa = PBXGroup;
			children = (
				4FD346A01DB1E259000927DB /* study04_1.app */,
				4FD346B41DB1E259000927DB /* study04_1Tests.xctest */,
				4FD346BF1DB1E259000927DB /* study04_1UITests.xctest */,
			);
			name = Products;
			sourceTree = "<group>";
		};
		4FD346A21DB1E259000927DB /* study04_1 */ = {
			isa = PBXGroup;
			children = (
				4FD346A31DB1E259000927DB /* AppDelegate.swift */,
				4FD346A51DB1E259000927DB /* ViewController.swift */,
				4FD346A71DB1E259000927DB /* Main.storyboard */,
				4FD346AA1DB1E259000927DB /* Assets.xcassets */,
				4FD346AC1DB1E259000927DB /* LaunchScreen.storyboard */,
				4FD346AF1DB1E259000927DB /* Info.plist */,
			);
			path = study04_1;
			sourceTree = "<group>";
		};
		4FD346B71DB1E259000927DB /* study04_1Tests */ = {
			isa = PBXGroup;
			children = (
				4FD346B81DB1E259000927DB /* study04_1Tests.swift */,
				4FD346BA1DB1E259000927DB /* Info.plist */,
			);
			path = study04_1Tests;
			sourceTree = "<group>";
		};
		4FD346C21DB1E259000927DB /* study04_1UITests */ = {
			isa = PBXGroup;
			children = (
				4FD346C31DB1E259000927DB /* study04_1UITests.swift */,
				4FD346C51DB1E259000927DB /* Info.plist */,
			);
			path = study04_1UITests;
			sourceTree = "<group>";
		};
/* End PBXGroup section */

/* Begin PBXNativeTarget section */
		4FD3469F1DB1E258000927DB /* study04_1 */ = {
			isa = PBXNativeTarget;
			buildConfigurationList = 4FD346C81DB1E259000927DB /* Build configuration list for PBXNativeTarget "study04_1" */;
			buildPhases = (
				4FD3469C1DB1E258000927DB /* Sources */,
				4FD3469D1DB1E258000927DB /* Frameworks */,
				4FD3469E1DB1E258000927DB /* Resources */,
			);
			buildRules = (
			);
			dependencies = (
			);
			name = study04_1;
			productName = study04_1;
			productReference = 4FD346A01DB1E259000927DB /* study04_1.app */;
			productType = "com.apple.product-type.application";
		};
		4FD346B31DB1E259000927DB /* study04_1Tests */ = {
			isa = PBXNativeTarget;
			buildConfigurationList = 4FD346CB1DB1E259000927DB /* Build configuration list for PBXNativeTarget "study04_1Tests" */;
			buildPhases = (
				4FD346B01DB1E259000927DB /* Sources */,
				4FD346B11DB1E259000927DB /* Frameworks */,
				4FD346B21DB1E259000927DB /* Resources */,
			);
			buildRules = (
			);
			dependencies = (
				4FD346B61DB1E259000927DB /* PBXTargetDependency */,
			);
			name = study04_1Tests;
			productName = study04_1Tests;
			productReference = 4FD346B41DB1E259000927DB /* study04_1Tests.xctest */;
			productType = "com.apple.product-type.bundle.unit-test";
		};
		4FD346BE1DB1E259000927DB /* study04_1UITests */ = {
			isa = PBXNativeTarget;
			buildConfigurationList = 4FD346CE1DB1E259000927DB /* Build configuration list for PBXNativeTarget "study04_1UITests" */;
			buildPhases = (
				4FD346BB1DB1E259000927DB /* Sources */,
				4FD346BC1DB1E259000927DB /* Frameworks */,
				4FD346BD1DB1E259000927DB /* Resources */,
			);
			buildRules = (
			);
			dependencies = (
				4FD346C11DB1E259000927DB /* PBXTargetDependency */,
			);
			name = study04_1UITests;
			productName = study04_1UITests;
			productReference = 4FD346BF1DB1E259000927DB /* study04_1UITests.xctest */;
			productType = "com.apple.product-type.bundle.ui-testing";
		};
/* End PBXNativeTarget section */

/* Begin PBXProject section */
		4FD346981DB1E258000927DB /* Project object */ = {
			isa = PBXProject;
			attributes = {
				LastSwiftUpdateCheck = 0800;
				LastUpgradeCheck = 0800;
				ORGANIZATIONNAME = "中江洋史";
				TargetAttributes = {
					4FD3469F1DB1E258000927DB = {
						CreatedOnToolsVersion = 8.0;
						ProvisioningStyle = Automatic;
					};
					4FD346B31DB1E259000927DB = {
						CreatedOnToolsVersion = 8.0;
						ProvisioningStyle = Automatic;
						TestTargetID = 4FD3469F1DB1E258000927DB;
					};
					4FD346BE1DB1E259000927DB = {
						CreatedOnToolsVersion = 8.0;
						ProvisioningStyle = Automatic;
						TestTargetID = 4FD3469F1DB1E258000927DB;
					};
				};
			};
			buildConfigurationList = 4FD3469B1DB1E258000927DB /* Build configuration list for PBXProject "study04_1" */;
			compatibilityVersion = "Xcode 3.2";
			developmentRegion = English;
			hasScannedForEncodings = 0;
			knownRegions = (
				en,
				Base,
			);
			mainGroup = 4FD346971DB1E258000927DB;
			productRefGroup = 4FD346A11DB1E259000927DB /* Products */;
			projectDirPath = "";
			projectRoot = "";
			targets = (
				4FD3469F1DB1E258000927DB /* study04_1 */,
				4FD346B31DB1E259000927DB /* study04_1Tests */,
				4FD346BE1DB1E259000927DB /* study04_1UITests */,
			);
		};
/* End PBXProject section */

/* Begin PBXResourcesBuildPhase section */
		4FD3469E1DB1E258000927DB /* Resources */ = {
			isa = PBXResourcesBuildPhase;
			buildActionMask = 2147483647;
			files = (
				4FD346AE1DB1E259000927DB /* LaunchScreen.storyboard in Resources */,
				4FD346AB1DB1E259000927DB /* Assets.xcassets in Resources */,
				4FD346A91DB1E259000927DB /* Main.storyboard in Resources */,
			);
			runOnlyForDeploymentPostprocessing = 0;
		};
		4FD346B21DB1E259000927DB /* Resources */ = {
			isa = PBXResourcesBuildPhase;
			buildActionMask = 2147483647;
			files = (
			);
			runOnlyForDeploymentPostprocessing = 0;
		};
		4FD346BD1DB1E259000927DB /* Resources */ = {
			isa = PBXResourcesBuildPhase;
			buildActionMask = 2147483647;
			files = (
			);
			runOnlyForDeploymentPostprocessing = 0;
		};
/* End PBXResourcesBuildPhase section */

/* Begin PBXSourcesBuildPhase section */
		4FD3469C1DB1E258000927DB /* Sources */ = {
			isa = PBXSourcesBuildPhase;
			buildActionMask = 2147483647;
			files = (
				4FD346A61DB1E259000927DB /* ViewController.swift in Sources */,
				4FD346A41DB1E259000927DB /* AppDelegate.swift in Sources */,
			);
			runOnlyForDeploymentPostprocessing = 0;
		};
		4FD346B01DB1E259000927DB /* Sources */ = {
			isa = PBXSourcesBuildPhase;
			buildActionMask = 2147483647;
			files = (
				4FD346B91DB1E259000927DB /* study04_1Tests.swift in Sources */,
			);
			runOnlyForDeploymentPostprocessing = 0;
		};
		4FD346BB1DB1E259000927DB /* Sources */ = {
			isa = PBXSourcesBuildPhase;
			buildActionMask = 2147483647;
			files = (
				4FD346C41DB1E259000927DB /* study04_1UITests.swift in Sources */,
			);
			runOnlyForDeploymentPostprocessing = 0;
		};
/* End PBXSourcesBuildPhase section */

/* Begin PBXTargetDependency section */
		4FD346B61DB1E259000927DB /* PBXTargetDependency */ = {
			isa = PBXTargetDependency;
			target = 4FD3469F1DB1E258000927DB /* study04_1 */;
			targetProxy = 4FD346B51DB1E259000927DB /* PBXContainerItemProxy */;
		};
		4FD346C11DB1E259000927DB /* PBXTargetDependency */ = {
			isa = PBXTargetDependency;
			target = 4FD3469F1DB1E258000927DB /* study04_1 */;
			targetProxy = 4FD346C01DB1E259000927DB /* PBXContainerItemProxy */;
		};
/* End PBXTargetDependency section */

/* Begin PBXVariantGroup section */
		4FD346A71DB1E259000927DB /* Main.storyboard */ = {
			isa = PBXVariantGroup;
			children = (
				4FD346A81DB1E259000927DB /* Base */,
			);
			name = Main.storyboard;
			sourceTree = "<group>";
		};
		4FD346AC1DB1E259000927DB /* LaunchScreen.storyboard */ = {
			isa = PBXVariantGroup;
			children = (
				4FD346AD1DB1E259000927DB /* Base */,
			);
			name = LaunchScreen.storyboard;
			sourceTree = "<group>";
		};
/* End PBXVariantGroup section */

/* Begin XCBuildConfiguration section */
		4FD346C61DB1E259000927DB /* Debug */ = {
			isa = XCBuildConfiguration;
			buildSettings = {
				ALWAYS_SEARCH_USER_PATHS = NO;
				CLANG_ANALYZER_NONNULL = YES;
				CLANG_CXX_LANGUAGE_STANDARD = "gnu++0x";
				CLANG_CXX_LIBRARY = "libc++";
				CLANG_ENABLE_MODULES = YES;
				CLANG_ENABLE_OBJC_ARC = YES;
				CLANG_WARN_BOOL_CONVERSION = YES;
				CLANG_WARN_CONSTANT_CONVERSION = YES;
				CLANG_WARN_DIRECT_OBJC_ISA_USAGE = YES_ERROR;
				CLANG_WARN_DOCUMENTATION_COMMENTS = YES;
				CLANG_WARN_EMPTY_BODY = YES;
				CLANG_WARN_ENUM_CONVERSION = YES;
				CLANG_WARN_INFINITE_RECURSION = YES;
				CLANG_WARN_INT_CONVERSION = YES;
				CLANG_WARN_OBJC_ROOT_CLASS = YES_ERROR;
				CLANG_WARN_SUSPICIOUS_MOVES = YES;
				CLANG_WARN_UNREACHABLE_CODE = YES;
				CLANG_WARN__DUPLICATE_METHOD_MATCH = YES;
				"CODE_SIGN_IDENTITY[sdk=iphoneos*]" = "iPhone Developer";
				COPY_PHASE_STRIP = NO;
				DEBUG_INFORMATION_FORMAT = dwarf;
				ENABLE_STRICT_OBJC_MSGSEND = YES;
				ENABLE_TESTABILITY = YES;
				GCC_C_LANGUAGE_STANDARD = gnu99;
				GCC_DYNAMIC_NO_PIC = NO;
				GCC_NO_COMMON_BLOCKS = YES;
				GCC_OPTIMIZATION_LEVEL = 0;
				GCC_PREPROCESSOR_DEFINITIONS = (
					"DEBUG=1",
					"$(inherited)",
				);
				GCC_WARN_64_TO_32_BIT_CONVERSION = YES;
				GCC_WARN_ABOUT_RETURN_TYPE = YES_ERROR;
				GCC_WARN_UNDECLARED_SELECTOR = YES;
				GCC_WARN_UNINITIALIZED_AUTOS = YES_AGGRESSIVE;
				GCC_WARN_UNUSED_FUNCTION = YES;
				GCC_WARN_UNUSED_VARIABLE = YES;
				IPHONEOS_DEPLOYMENT_TARGET = 10.0;
				MTL_ENABLE_DEBUG_INFO = YES;
				ONLY_ACTIVE_ARCH = YES;
				SDKROOT = iphoneos;
				SWIFT_ACTIVE_COMPILATION_CONDITIONS = DEBUG;
				SWIFT_OPTIMIZATION_LEVEL = "-Onone";
				TARGETED_DEVICE_FAMILY = "1,2";
			};
			name = Debug;
		};
		4FD346C71DB1E259000927DB /* Release */ = {
			isa = XCBuildConfiguration;
			buildSettings = {
				ALWAYS_SEARCH_USER_PATHS = NO;
				CLANG_ANALYZER_NONNULL = YES;
				CLANG_CXX_LANGUAGE_STANDARD = "gnu++0x";
				CLANG_CXX_LIBRARY = "libc++";
				CLANG_ENABLE_MODULES = YES;
				CLANG_ENABLE_OBJC_ARC = YES;
				CLANG_WARN_BOOL_CONVERSION = YES;
				CLANG_WARN_CONSTANT_CONVERSION = YES;
				CLANG_WARN_DIRECT_OBJC_ISA_USAGE = YES_ERROR;
				CLANG_WARN_DOCUMENTATION_COMMENTS = YES;
				CLANG_WARN_EMPTY_BODY = YES;
				CLANG_WARN_ENUM_CONVERSION = YES;
				CLANG_WARN_INFINITE_RECURSION = YES;
				CLANG_WARN_INT_CONVERSION = YES;
				CLANG_WARN_OBJC_ROOT_CLASS = YES_ERROR;
				CLANG_WARN_SUSPICIOUS_MOVES = YES;
				CLANG_WARN_UNREACHABLE_CODE = YES;
				CLANG_WARN__DUPLICATE_METHOD_MATCH = YES;
				"CODE_SIGN_IDENTITY[sdk=iphoneos*]" = "iPhone Developer";
				COPY_PHASE_STRIP = NO;
				DEBUG_INFORMATION_FORMAT = "dwarf-with-dsym";
				ENABLE_NS_ASSERTIONS = NO;
				ENABLE_STRICT_OBJC_MSGSEND = YES;
				GCC_C_LANGUAGE_STANDARD = gnu99;
				GCC_NO_COMMON_BLOCKS = YES;
				GCC_WARN_64_TO_32_BIT_CONVERSION = YES;
				GCC_WARN_ABOUT_RETURN_TYPE = YES_ERROR;
				GCC_WARN_UNDECLARED_SELECTOR = YES;
				GCC_WARN_UNINITIALIZED_AUTOS = YES_AGGRESSIVE;
				GCC_WARN_UNUSED_FUNCTION = YES;
				GCC_WARN_UNUSED_VARIABLE = YES;
				IPHONEOS_DEPLOYMENT_TARGET = 10.0;
				MTL_ENABLE_DEBUG_INFO = NO;
				SDKROOT = iphoneos;
				SWIFT_OPTIMIZATION_LEVEL = "-Owholemodule";
				TARGETED_DEVICE_FAMILY = "1,2";
				VALIDATE_PRODUCT = YES;
			};
			name = Release;
		};
		4FD346C91DB1E259000927DB /* Debug */ = {
			isa = XCBuildConfiguration;
			buildSettings = {
				ASSETCATALOG_COMPILER_APPICON_NAME = AppIcon;
				INFOPLIST_FILE = study04_1/Info.plist;
				LD_RUNPATH_SEARCH_PATHS = "$(inherited) @executable_path/Frameworks";
				PRODUCT_BUNDLE_IDENTIFIER = "nakaex.study04-1";
				PRODUCT_NAME = "$(TARGET_NAME)";
				SWIFT_VERSION = 3.0;
			};
			name = Debug;
		};
		4FD346CA1DB1E259000927DB /* Release */ = {
			isa = XCBuildConfiguration;
			buildSettings = {
				ASSETCATALOG_COMPILER_APPICON_NAME = AppIcon;
				INFOPLIST_FILE = study04_1/Info.plist;
				LD_RUNPATH_SEARCH_PATHS = "$(inherited) @executable_path/Frameworks";
				PRODUCT_BUNDLE_IDENTIFIER = "nakaex.study04-1";
				PRODUCT_NAME = "$(TARGET_NAME)";
				SWIFT_VERSION = 3.0;
			};
			name = Release;
		};
		4FD346CC1DB1E259000927DB /* Debug */ = {
			isa = XCBuildConfiguration;
			buildSettings = {
				ALWAYS_EMBED_SWIFT_STANDARD_LIBRARIES = YES;
				BUNDLE_LOADER = "$(TEST_HOST)";
				INFOPLIST_FILE = study04_1Tests/Info.plist;
				LD_RUNPATH_SEARCH_PATHS = "$(inherited) @executable_path/Frameworks @loader_path/Frameworks";
				PRODUCT_BUNDLE_IDENTIFIER = "nakaex.study04-1Tests";
				PRODUCT_NAME = "$(TARGET_NAME)";
				SWIFT_VERSION = 3.0;
				TEST_HOST = "$(BUILT_PRODUCTS_DIR)/study04_1.app/study04_1";
			};
			name = Debug;
		};
		4FD346CD1DB1E259000927DB /* Release */ = {
			isa = XCBuildConfiguration;
			buildSettings = {
				ALWAYS_EMBED_SWIFT_STANDARD_LIBRARIES = YES;
				BUNDLE_LOADER = "$(TEST_HOST)";
				INFOPLIST_FILE = study04_1Tests/Info.plist;
				LD_RUNPATH_SEARCH_PATHS = "$(inherited) @executable_path/Frameworks @loader_path/Frameworks";
				PRODUCT_BUNDLE_IDENTIFIER = "nakaex.study04-1Tests";
				PRODUCT_NAME = "$(TARGET_NAME)";
				SWIFT_VERSION = 3.0;
				TEST_HOST = "$(BUILT_PRODUCTS_DIR)/study04_1.app/study04_1";
			};
			name = Release;
		};
		4FD346CF1DB1E259000927DB /* Debug */ = {
			isa = XCBuildConfiguration;
			buildSettings = {
				ALWAYS_EMBED_SWIFT_STANDARD_LIBRARIES = YES;
				INFOPLIST_FILE = study04_1UITests/Info.plist;
				LD_RUNPATH_SEARCH_PATHS = "$(inherited) @executable_path/Frameworks @loader_path/Frameworks";
				PRODUCT_BUNDLE_IDENTIFIER = "nakaex.study04-1UITests";
				PRODUCT_NAME = "$(TARGET_NAME)";
				SWIFT_VERSION = 3.0;
				TEST_TARGET_NAME = study04_1;
			};
			name = Debug;
		};
		4FD346D01DB1E259000927DB /* Release */ = {
			isa = XCBuildConfiguration;
			buildSettings = {
				ALWAYS_EMBED_SWIFT_STANDARD_LIBRARIES = YES;
				INFOPLIST_FILE = study04_1UITests/Info.plist;
				LD_RUNPATH_SEARCH_PATHS = "$(inherited) @executable_path/Frameworks @loader_path/Frameworks";
				PRODUCT_BUNDLE_IDENTIFIER = "nakaex.study04-1UITests";
				PRODUCT_NAME = "$(TARGET_NAME)";
				SWIFT_VERSION = 3.0;
				TEST_TARGET_NAME = study04_1;
			};
			name = Release;
		};
/* End XCBuildConfiguration section */

/* Begin XCConfigurationList section */
		4FD3469B1DB1E258000927DB /* Build configuration list for PBXProject "study04_1" */ = {
			isa = XCConfigurationList;
			buildConfigurations = (
				4FD346C61DB1E259000927DB /* Debug */,
				4FD346C71DB1E259000927DB /* Release */,
			);
			defaultConfigurationIsVisible = 0;
			defaultConfigurationName = Release;
		};
		4FD346C81DB1E259000927DB /* Build configuration list for PBXNativeTarget "study04_1" */ = {
			isa = XCConfigurationList;
			buildConfigurations = (
				4FD346C91DB1E259000927DB /* Debug */,
				4FD346CA1DB1E259000927DB /* Release */,
			);
			defaultConfigurationIsVisible = 0;
		};
		4FD346CB1DB1E259000927DB /* Build configuration list for PBXNativeTarget "study04_1Tests" */ = {
			isa = XCConfigurationList;
			buildConfigurations = (
				4FD346CC1DB1E259000927DB /* Debug */,
				4FD346CD1DB1E259000927DB /* Release */,
			);
			defaultConfigurationIsVisible = 0;
		};
		4FD346CE1DB1E259000927DB /* Build configuration list for PBXNativeTarget "study04_1UITests" */ = {
			isa = XCConfigurationList;
			buildConfigurations = (
				4FD346CF1DB1E259000927DB /* Debug */,
				4FD346D01DB1E259000927DB /* Release */,
			);
			defaultConfigurationIsVisible = 0;
		};
/* End XCConfigurationList section */
	};
	rootObject = 4FD346981DB1E258000927DB /* Project object */;
}
